
Microsoft Visual Studio Solution File, Format Version 12.00
# Visual Studio 14
VisualStudioVersion = 14.0.25420.1
MinimumVisualStudioVersion = 10.0.40219.1
Project("{FAE04EC0-301F-11D3-BF4B-00C04F79EFBC}") = "Entity", "Entity\Entity.csproj", "{0B46F8D8-1E3B-4E93-AA80-6FDF6FB03B9B}"
EndProject
Project("{FAE04EC0-301F-11D3-BF4B-00C04F79EFBC}") = "Exceptions", "Exceptions\Exceptions.csproj", "{EFB104A3-7C09-4273-A144-325FF0BEA977}"
EndProject
Project("{FAE04EC0-301F-11D3-BF4B-00C04F79EFBC}") = "DataAccessLayer", "DataAccessLayer\DataAccessLayer.csproj", "{1308CDA7-6801-4301-ACA0-634555BC3F90}"
EndProject
Project("{FAE04EC0-301F-11D3-BF4B-00C04F79EFBC}") = "BusinessLayer", "BusinessLayer\BusinessLayer.csproj", "{6C337FB3-A2AD-4465-8E01-292CFF06C7C3}"
EndProject
Project("{FAE04EC0-301F-11D3-BF4B-00C04F79EFBC}") = "ProductUI", "ProductUI\ProductUI.csproj", "{9B87BE33-F983-4055-A87D-68A1E12D0414}"
EndProject
Global
	GlobalSection(SolutionConfigurationPlatforms) = preSolution
		Debug|Any CPU = Debug|Any CPU
		Release|Any CPU = Release|Any CPU
	EndGlobalSection
	GlobalSection(ProjectConfigurationPlatforms) = postSolution
		{0B46F8D8-1E3B-4E93-AA80-6FDF6FB03B9B}.Debug|Any CPU.ActiveCfg = Debug|Any CPU
		{0B46F8D8-1E3B-4E93-AA80-6FDF6FB03B9B}.Debug|Any CPU.Build.0 = Debug|Any CPU
		{0B46F8D8-1E3B-4E93-AA80-6FDF6FB03B9B}.Release|Any CPU.ActiveCfg = Release|Any CPU
		{0B46F8D8-1E3B-4E93-AA80-6FDF6FB03B9B}.Release|Any CPU.Build.0 = Release|Any CPU
		{EFB104A3-7C09-4273-A144-325FF0BEA977}.Debug|Any CPU.ActiveCfg = Debug|Any CPU
		{EFB104A3-7C09-4273-A144-325FF0BEA977}.Debug|Any CPU.Build.0 = Debug|Any CPU
		{EFB104A3-7C09-4273-A144-325FF0BEA977}.Release|Any CPU.ActiveCfg = Release|Any CPU
		{EFB104A3-7C09-4273-A144-325FF0BEA977}.Release|Any CPU.Build.0 = Release|Any CPU
		{1308CDA7-6801-4301-ACA0-634555BC3F90}.Debug|Any CPU.ActiveCfg = Debug|Any CPU
		{1308CDA7-6801-4301-ACA0-634555BC3F90}.Debug|Any CPU.Build.0 = Debug|Any CPU
		{1308CDA7-6801-4301-ACA0-634555BC3F90}.Release|Any CPU.ActiveCfg = Release|Any CPU
		{1308CDA7-6801-4301-ACA0-634555BC3F90}.Release|Any CPU.Build.0 = Release|Any CPU
		{6C337FB3-A2AD-4465-8E01-292CFF06C7C3}.Debug|Any CPU.ActiveCfg = Debug|Any CPU
		{6C337FB3-A2AD-4465-8E01-292CFF06C7C3}.Debug|Any CPU.Build.0 = Debug|Any CPU
		{6C337FB3-A2AD-4465-8E01-292CFF06C7C3}.Release|Any CPU.ActiveCfg = Release|Any CPU
		{6C337FB3-A2AD-4465-8E01-292CFF06C7C3}.Release|Any CPU.Build.0 = Release|Any CPU
		{9B87BE33-F983-4055-A87D-68A1E12D0414}.Debug|Any CPU.ActiveCfg = Debug|Any CPU
		{9B87BE33-F983-4055-A87D-68A1E12D0414}.Debug|Any CPU.Build.0 = Debug|Any CPU
		{9B87BE33-F983-4055-A87D-68A1E12D0414}.Release|Any CPU.ActiveCfg = Release|Any CPU
		{9B87BE33-F983-4055-A87D-68A1E12D0414}.Release|Any CPU.Build.0 = Release|Any CPU
	EndGlobalSection
	GlobalSection(SolutionProperties) = preSolution
		HideSolutionNode = FALSE
	EndGlobalSection
EndGlobal
